
Microsoft Visual Studio Solution File, Format Version 12.00
# Visual Studio Version 17
VisualStudioVersion = 17.14.36310.24
MinimumVisualStudioVersion = 10.0.40219.1
Project("{FAE04EC0-301F-11D3-BF4B-00C04F79EFBC}") = "InventarioV9", "InventarioV9\InventarioV9.csproj", "{B63E66A5-00A5-411D-A1C7-FAED7AD84E36}"
EndProject
Project("{FAE04EC0-301F-11D3-BF4B-00C04F79EFBC}") = "SistemaInventario.AccesoDatos", "SistemaInventario.AccesoDatos\SistemaInventario.AccesoDatos.csproj", "{4CD7CF3C-FBE3-48A2-9E18-C00BE9106118}"
EndProject
Project("{FAE04EC0-301F-11D3-BF4B-00C04F79EFBC}") = "SistemaInventario.Modelos", "SistemaInventario.Modelos\SistemaInventario.Modelos.csproj", "{6E1F33E1-3299-47D8-835A-74D5934CD84F}"
EndProject
Project("{FAE04EC0-301F-11D3-BF4B-00C04F79EFBC}") = "SistemaInventario.Utilidades", "SistemaInventario.Utilidades\SistemaInventario.Utilidades.csproj", "{C60545B7-9F81-464F-AC50-AF4624BC172B}"
EndProject
Global
	GlobalSection(SolutionConfigurationPlatforms) = preSolution
		Debug|Any CPU = Debug|Any CPU
		Release|Any CPU = Release|Any CPU
	EndGlobalSection
	GlobalSection(ProjectConfigurationPlatforms) = postSolution
		{B63E66A5-00A5-411D-A1C7-FAED7AD84E36}.Debug|Any CPU.ActiveCfg = Debug|Any CPU
		{B63E66A5-00A5-411D-A1C7-FAED7AD84E36}.Debug|Any CPU.Build.0 = Debug|Any CPU
		{B63E66A5-00A5-411D-A1C7-FAED7AD84E36}.Release|Any CPU.ActiveCfg = Release|Any CPU
		{B63E66A5-00A5-411D-A1C7-FAED7AD84E36}.Release|Any CPU.Build.0 = Release|Any CPU
		{4CD7CF3C-FBE3-48A2-9E18-C00BE9106118}.Debug|Any CPU.ActiveCfg = Debug|Any CPU
		{4CD7CF3C-FBE3-48A2-9E18-C00BE9106118}.Debug|Any CPU.Build.0 = Debug|Any CPU
		{4CD7CF3C-FBE3-48A2-9E18-C00BE9106118}.Release|Any CPU.ActiveCfg = Release|Any CPU
		{4CD7CF3C-FBE3-48A2-9E18-C00BE9106118}.Release|Any CPU.Build.0 = Release|Any CPU
		{6E1F33E1-3299-47D8-835A-74D5934CD84F}.Debug|Any CPU.ActiveCfg = Debug|Any CPU
		{6E1F33E1-3299-47D8-835A-74D5934CD84F}.Debug|Any CPU.Build.0 = Debug|Any CPU
		{6E1F33E1-3299-47D8-835A-74D5934CD84F}.Release|Any CPU.ActiveCfg = Release|Any CPU
		{6E1F33E1-3299-47D8-835A-74D5934CD84F}.Release|Any CPU.Build.0 = Release|Any CPU
		{C60545B7-9F81-464F-AC50-AF4624BC172B}.Debug|Any CPU.ActiveCfg = Debug|Any CPU
		{C60545B7-9F81-464F-AC50-AF4624BC172B}.Debug|Any CPU.Build.0 = Debug|Any CPU
		{C60545B7-9F81-464F-AC50-AF4624BC172B}.Release|Any CPU.ActiveCfg = Release|Any CPU
		{C60545B7-9F81-464F-AC50-AF4624BC172B}.Release|Any CPU.Build.0 = Release|Any CPU
	EndGlobalSection
	GlobalSection(SolutionProperties) = preSolution
		HideSolutionNode = FALSE
	EndGlobalSection
	GlobalSection(ExtensibilityGlobals) = postSolution
		SolutionGuid = {B11A6D98-F040-4D99-BFD7-F2F712C47E7B}
	EndGlobalSection
EndGlobal
